<?xml version="1.0" encoding="utf-8"?>
<Project ToolsVersion="4.0" xmlns="http://schemas.microsoft.com/developer/msbuild/2003">
  <ItemGroup>
    <Filter Include="소스 파일">
      <UniqueIdentifier>{4FC737F1-C7A5-4376-A066-2A32D752A2FF}</UniqueIdentifier>
      <Extensions>cpp;c;cc;cxx;def;odl;idl;hpj;bat;asm;asmx</Extensions>
    </Filter>
    <Filter Include="헤더 파일">
      <UniqueIdentifier>{93995380-89BD-4b04-88EB-625FBE52EBFB}</UniqueIdentifier>
      <Extensions>h;hh;hpp;hxx;hm;inl;inc;xsd</Extensions>
    </Filter>
    <Filter Include="리소스 파일">
      <UniqueIdentifier>{67DA6AB6-F800-4c08-8B7A-83BB121AAD01}</UniqueIdentifier>
      <Extensions>rc;ico;cur;bmp;dlg;rc2;rct;bin;rgs;gif;jpg;jpeg;jpe;resx;tiff;tif;png;wav;mfcribbon-ms</Extensions>
    </Filter>
  </ItemGroup>
  <ItemGroup>
    <ClCompile Include="1.cpp">
      <Filter>소스 파일</Filter>
    </ClCompile>
    <ClCompile Include="8.cpp">
      <Filter>소스 파일</Filter>
    </ClCompile>
    <ClCompile Include="9.cpp">
      <Filter>소스 파일</Filter>
    </ClCompile>
    <ClCompile Include="test.cpp">
      <Filter>소스 파일</Filter>
    </ClCompile>
    <ClCompile Include="24.cpp">
      <Filter>소스 파일</Filter>
    </ClCompile>
    <ClCompile Include="25.cpp">
      <Filter>소스 파일</Filter>
    </ClCompile>
    <ClCompile Include="26.cpp">
      <Filter>소스 파일</Filter>
    </ClCompile>
    <ClCompile Include="27.cpp">
      <Filter>소스 파일</Filter>
    </ClCompile>
    <ClCompile Include="test2.cpp">
      <Filter>소스 파일</Filter>
    </ClCompile>
    <ClCompile Include="test3-5.cpp">
      <Filter>소스 파일</Filter>
    </ClCompile>
    <ClCompile Include="teset3-6.cpp">
      <Filter>소스 파일</Filter>
    </ClCompile>
    <ClCompile Include="test33.cpp">
      <Filter>소스 파일</Filter>
    </ClCompile>
    <ClCompile Include="testDestruct.cpp">
      <Filter>소스 파일</Filter>
    </ClCompile>
    <ClCompile Include="test37.cpp">
      <Filter>소스 파일</Filter>
    </ClCompile>
    <ClCompile Include="Circle.cpp">
      <Filter>소스 파일</Filter>
    </ClCompile>
    <ClCompile Include="boksup.cpp">
      <Filter>소스 파일</Filter>
    </ClCompile>
    <ClCompile Include="examDS.cpp">
      <Filter>소스 파일</Filter>
    </ClCompile>
    <ClCompile Include="Rectangle.cpp">
      <Filter>소스 파일</Filter>
    </ClCompile>
    <ClCompile Include="3-11.cpp">
      <Filter>소스 파일</Filter>
    </ClCompile>
    <ClCompile Include="Calculator.cpp">
      <Filter>소스 파일</Filter>
    </ClCompile>
    <ClCompile Include="Adder.cpp">
      <Filter>소스 파일</Filter>
    </ClCompile>
    <ClCompile Include="exam40.cpp">
      <Filter>소스 파일</Filter>
    </ClCompile>
    <ClCompile Include="exam41.cpp">
      <Filter>소스 파일</Filter>
    </ClCompile>
    <ClCompile Include="exam44.cpp">
      <Filter>소스 파일</Filter>
    </ClCompile>
    <ClCompile Include="Box.cpp">
      <Filter>소스 파일</Filter>
    </ClCompile>
    <ClCompile Include="exam48.cpp">
      <Filter>소스 파일</Filter>
    </ClCompile>
    <ClCompile Include="Point.cpp">
      <Filter>소스 파일</Filter>
    </ClCompile>
    <ClCompile Include="exam14p.cpp">
      <Filter>소스 파일</Filter>
    </ClCompile>
    <ClCompile Include="exam15p.cpp">
      <Filter>소스 파일</Filter>
    </ClCompile>
    <ClCompile Include="exam52.cpp">
      <Filter>소스 파일</Filter>
    </ClCompile>
    <ClCompile Include="exam16p.cpp">
      <Filter>소스 파일</Filter>
    </ClCompile>
    <ClCompile Include="pointTest.cpp">
      <Filter>소스 파일</Filter>
    </ClCompile>
    <ClCompile Include="객체배열.cpp">
      <Filter>소스 파일</Filter>
    </ClCompile>
    <ClCompile Include="55.cpp">
      <Filter>소스 파일</Filter>
    </ClCompile>
    <ClCompile Include="58.cpp">
      <Filter>소스 파일</Filter>
    </ClCompile>
    <ClCompile Include="malloc.cpp">
      <Filter>소스 파일</Filter>
    </ClCompile>
    <ClCompile Include="test22p.cpp">
      <Filter>소스 파일</Filter>
    </ClCompile>
    <ClCompile Include="61.cpp">
      <Filter>소스 파일</Filter>
    </ClCompile>
    <ClCompile Include="day0520.cpp">
      <Filter>소스 파일</Filter>
    </ClCompile>
    <ClCompile Include="64.cpp">
      <Filter>소스 파일</Filter>
    </ClCompile>
    <ClCompile Include="65.cpp">
      <Filter>소스 파일</Filter>
    </ClCompile>
    <ClCompile Include="66.cpp">
      <Filter>소스 파일</Filter>
    </ClCompile>
    <ClCompile Include="68.cpp">
      <Filter>소스 파일</Filter>
    </ClCompile>
    <ClCompile Include="ex70.cpp">
      <Filter>소스 파일</Filter>
    </ClCompile>
    <ClCompile Include="ex69.cpp">
      <Filter>소스 파일</Filter>
    </ClCompile>
    <ClCompile Include="reference.cpp">
      <Filter>소스 파일</Filter>
    </ClCompile>
    <ClCompile Include="ex78.cpp">
      <Filter>소스 파일</Filter>
    </ClCompile>
    <ClCompile Include="32p.cpp">
      <Filter>소스 파일</Filter>
    </ClCompile>
    <ClCompile Include="83.cpp">
      <Filter>소스 파일</Filter>
    </ClCompile>
    <ClCompile Include="85.cpp">
      <Filter>소스 파일</Filter>
    </ClCompile>
    <ClCompile Include="86.cpp">
      <Filter>소스 파일</Filter>
    </ClCompile>
    <ClCompile Include="87.cpp">
      <Filter>소스 파일</Filter>
    </ClCompile>
    <ClCompile Include="88.cpp">
      <Filter>소스 파일</Filter>
    </ClCompile>
    <ClCompile Include="89.cpp">
      <Filter>소스 파일</Filter>
    </ClCompile>
    <ClCompile Include="91.cpp">
      <Filter>소스 파일</Filter>
    </ClCompile>
    <ClCompile Include="static.cpp">
      <Filter>소스 파일</Filter>
    </ClCompile>
    <ClCompile Include="inheritance.cpp">
      <Filter>소스 파일</Filter>
    </ClCompile>
    <ClCompile Include="도형.cpp">
      <Filter>소스 파일</Filter>
    </ClCompile>
    <ClCompile Include="92.cpp">
      <Filter>소스 파일</Filter>
    </ClCompile>
    <ClCompile Include="93.cpp">
      <Filter>소스 파일</Filter>
    </ClCompile>
    <ClCompile Include="Animal.cpp">
      <Filter>소스 파일</Filter>
    </ClCompile>
    <ClCompile Include="94.cpp">
      <Filter>소스 파일</Filter>
    </ClCompile>
    <ClCompile Include="95.cpp">
      <Filter>소스 파일</Filter>
    </ClCompile>
    <ClCompile Include="98.cpp">
      <Filter>소스 파일</Filter>
    </ClCompile>
    <ClCompile Include="99.cpp">
      <Filter>소스 파일</Filter>
    </ClCompile>
    <ClCompile Include="100.cpp">
      <Filter>소스 파일</Filter>
    </ClCompile>
    <ClCompile Include="100-1.cpp">
      <Filter>소스 파일</Filter>
    </ClCompile>
    <ClCompile Include="Bubble.cpp">
      <Filter>소스 파일</Filter>
    </ClCompile>
    <ClCompile Include="101.cpp">
      <Filter>소스 파일</Filter>
    </ClCompile>
    <ClCompile Include="103.cpp">
      <Filter>소스 파일</Filter>
    </ClCompile>
    <ClCompile Include="105.cpp">
      <Filter>소스 파일</Filter>
    </ClCompile>
    <ClCompile Include="106.cpp">
      <Filter>소스 파일</Filter>
    </ClCompile>
    <ClCompile Include="107.cpp">
      <Filter>소스 파일</Filter>
    </ClCompile>
    <ClCompile Include="108.cpp">
      <Filter>소스 파일</Filter>
    </ClCompile>
    <ClCompile Include="109.cpp">
      <Filter>소스 파일</Filter>
    </ClCompile>
    <ClCompile Include="110.cpp">
      <Filter>소스 파일</Filter>
    </ClCompile>
    <ClCompile Include="111.cpp">
      <Filter>소스 파일</Filter>
    </ClCompile>
    <ClCompile Include="114.cpp">
      <Filter>소스 파일</Filter>
    </ClCompile>
    <ClCompile Include="115.cpp">
      <Filter>소스 파일</Filter>
    </ClCompile>
    <ClCompile Include="119.cpp">
      <Filter>소스 파일</Filter>
    </ClCompile>
    <ClCompile Include="0916예제.cpp">
      <Filter>소스 파일</Filter>
    </ClCompile>
    <ClCompile Include="122.cpp">
      <Filter>소스 파일</Filter>
    </ClCompile>
    <ClCompile Include="120.cpp">
      <Filter>소스 파일</Filter>
    </ClCompile>
    <ClCompile Include="128.cpp">
      <Filter>소스 파일</Filter>
    </ClCompile>
    <ClCompile Include="130.cpp">
      <Filter>소스 파일</Filter>
    </ClCompile>
    <ClCompile Include="133.cpp">
      <Filter>소스 파일</Filter>
    </ClCompile>
    <ClCompile Include="131.cpp">
      <Filter>소스 파일</Filter>
    </ClCompile>
    <ClCompile Include="132.cpp">
      <Filter>소스 파일</Filter>
    </ClCompile>
    <ClCompile Include="134.cpp">
      <Filter>소스 파일</Filter>
    </ClCompile>
    <ClCompile Include="135.cpp">
      <Filter>소스 파일</Filter>
    </ClCompile>
    <ClCompile Include="136.cpp">
      <Filter>소스 파일</Filter>
    </ClCompile>
    <ClCompile Include="137.cpp">
      <Filter>소스 파일</Filter>
    </ClCompile>
    <ClCompile Include="ex142.cpp">
      <Filter>소스 파일</Filter>
    </ClCompile>
    <ClCompile Include="ex143.cpp">
      <Filter>소스 파일</Filter>
    </ClCompile>
  </ItemGroup>
  <ItemGroup>
    <ClInclude Include="Circle.h">
      <Filter>헤더 파일</Filter>
    </ClInclude>
    <ClInclude Include="Rectangle.h">
      <Filter>헤더 파일</Filter>
    </ClInclude>
    <ClInclude Include="Calculator.h">
      <Filter>헤더 파일</Filter>
    </ClInclude>
    <ClInclude Include="Adder.h">
      <Filter>헤더 파일</Filter>
    </ClInclude>
    <ClInclude Include="Oval.h">
      <Filter>헤더 파일</Filter>
    </ClInclude>
    <ClInclude Include="Box.h">
      <Filter>헤더 파일</Filter>
    </ClInclude>
    <ClInclude Include="minjun.h">
      <Filter>헤더 파일</Filter>
    </ClInclude>
    <ClInclude Include="Point.h">
      <Filter>헤더 파일</Filter>
    </ClInclude>
    <ClInclude Include="91.h">
      <Filter>헤더 파일</Filter>
    </ClInclude>
    <ClInclude Include="도형.h">
      <Filter>헤더 파일</Filter>
    </ClInclude>
  </ItemGroup>
  <ItemGroup>
    <None Include="ClassDiagram.cd" />
  </ItemGroup>
</Project>